
Microsoft Visual Studio Solution File, Format Version 12.00
# Visual Studio 2013
VisualStudioVersion = 12.0.31101.0
MinimumVisualStudioVersion = 10.0.40219.1
Project("{FAE04EC0-301F-11D3-BF4B-00C04F79EFBC}") = "Craft", "Craft\Craft.csproj", "{AE3B4E96-83AD-4C28-8181-77409295E935}"
EndProject
Project("{FAE04EC0-301F-11D3-BF4B-00C04F79EFBC}") = "CraftTest", "CraftTest\CraftTest.csproj", "{B68B633D-2769-44E5-8497-5FBA5D0D1B85}"
EndProject
Global
	GlobalSection(SolutionConfigurationPlatforms) = preSolution
		Debug|Any CPU = Debug|Any CPU
		Release|Any CPU = Release|Any CPU
	EndGlobalSection
	GlobalSection(ProjectConfigurationPlatforms) = postSolution
		{AE3B4E96-83AD-4C28-8181-77409295E935}.Debug|Any CPU.ActiveCfg = Debug|Any CPU
		{AE3B4E96-83AD-4C28-8181-77409295E935}.Debug|Any CPU.Build.0 = Debug|Any CPU
		{AE3B4E96-83AD-4C28-8181-77409295E935}.Release|Any CPU.ActiveCfg = Release|Any CPU
		{AE3B4E96-83AD-4C28-8181-77409295E935}.Release|Any CPU.Build.0 = Release|Any CPU
		{B68B633D-2769-44E5-8497-5FBA5D0D1B85}.Debug|Any CPU.ActiveCfg = Debug|Any CPU
		{B68B633D-2769-44E5-8497-5FBA5D0D1B85}.Debug|Any CPU.Build.0 = Debug|Any CPU
		{B68B633D-2769-44E5-8497-5FBA5D0D1B85}.Release|Any CPU.ActiveCfg = Release|Any CPU
		{B68B633D-2769-44E5-8497-5FBA5D0D1B85}.Release|Any CPU.Build.0 = Release|Any CPU
	EndGlobalSection
	GlobalSection(SolutionProperties) = preSolution
		HideSolutionNode = FALSE
	EndGlobalSection
EndGlobal
